{
  "name": "domain_modeling_made_functional_by_ts",
  "version": "1.0.0",
  "lockfileVersion": 3,
  "requires": true,
  "packages": {
    "": {
      "name": "domain_modeling_made_functional_by_ts",
      "version": "1.0.0",
      "license": "ISC",
      "dependencies": {
        "effect": "^3.4.7"
      },
      "devDependencies": {
        "typescript": "^5.5.3"
      }
    },
    "node_modules/effect": {
      "version": "3.4.7",
      "resolved": "https://registry.npmjs.org/effect/-/effect-3.4.7.tgz",
      "integrity": "sha512-WnxvyX4fksdotDHBXcCfZpxFlY77wMaWP/GIRnr7aJZj9U+k+4QRWd1Ee/OU/jlswyC+MlO5YXilGfcz6WN8Lg=="
    },
    "node_modules/typescript": {
      "version": "5.5.3",
      "resolved": "https://registry.npmjs.org/typescript/-/typescript-5.5.3.tgz",
      "integrity": "sha512-/hreyEujaB0w76zKo6717l3L0o/qEUtRgdvUBvlkhoWeOVMjMuHNHk0BRBzikzuGDqNmPQbg5ifMEqsHLiIUcQ==",
      "dev": true,
      "bin": {
        "tsc": "bin/tsc",
        "tsserver": "bin/tsserver"
      },
      "engines": {
        "node": ">=14.17"
      }
    }
  }
}
